lockfileVersion: 5.4

specifiers:
  form-data-encoder: ^2.1.4

dependencies:
  form-data-encoder: 2.1.4

packages:

  /form-data-encoder/2.1.4:
    resolution: {integrity: sha512-yDYSgNMraqvnxiEXO4hi88+YZxaHC6QKzb5N84iRCTDeRO7ZALpir/lVmf/uXUhnwUr2O4HU8s/n6x+yNjQkHw==}
    engines: {node: '>= 14.17'}
    dev: false
